
Microsoft Visual Studio Solution File, Format Version 12.00
# Visual Studio Version 17
VisualStudioVersion = 17.5.33627.172
MinimumVisualStudioVersion = 10.0.40219.1
Project("{8BC9CEB8-8B4A-11D0-8D11-00A0C91BC942}") = "POS_Projekt", "POS_Projekt\POS_Projekt.vcxproj", "{EC3AC847-18CE-4322-80FA-EBFD8B7BA564}"
EndProject
Global
	GlobalSection(SolutionConfigurationPlatforms) = preSolution
		Debug|x64 = Debug|x64
		Debug|x86 = Debug|x86
		Release|x64 = Release|x64
		Release|x86 = Release|x86
	EndGlobalSection
	GlobalSection(ProjectConfigurationPlatforms) = postSolution
		{EC3AC847-18CE-4322-80FA-EBFD8B7BA564}.Debug|x64.ActiveCfg = Debug|x64
		{EC3AC847-18CE-4322-80FA-EBFD8B7BA564}.Debug|x64.Build.0 = Debug|x64
		{EC3AC847-18CE-4322-80FA-EBFD8B7BA564}.Debug|x86.ActiveCfg = Debug|Win32
		{EC3AC847-18CE-4322-80FA-EBFD8B7BA564}.Debug|x86.Build.0 = Debug|Win32
		{EC3AC847-18CE-4322-80FA-EBFD8B7BA564}.Release|x64.ActiveCfg = Release|x64
		{EC3AC847-18CE-4322-80FA-EBFD8B7BA564}.Release|x64.Build.0 = Release|x64
		{EC3AC847-18CE-4322-80FA-EBFD8B7BA564}.Release|x86.ActiveCfg = Release|Win32
		{EC3AC847-18CE-4322-80FA-EBFD8B7BA564}.Release|x86.Build.0 = Release|Win32
	EndGlobalSection
	GlobalSection(SolutionProperties) = preSolution
		HideSolutionNode = FALSE
	EndGlobalSection
	GlobalSection(ExtensibilityGlobals) = postSolution
		SolutionGuid = {248A6F2C-BD1D-4E1C-A3C4-41ED3869424F}
	EndGlobalSection
EndGlobal
